
Microsoft Visual Studio Solution File, Format Version 12.00
#
Project("{FAE04EC0-301F-11D3-BF4B-00C04F79EFBC}") = "FizzBuzzSrc", "FizzBuzz\FizzBuzzSrc\FizzBuzzSrc.csproj", "{A4F449CF-5C03-4E0E-A578-1495A6104F2B}"
EndProject
Project("{FAE04EC0-301F-11D3-BF4B-00C04F79EFBC}") = "FizzBuzzTests", "FizzBuzz\FizzBuzzTests\FizzBuzzTests.csproj", "{CAC10EC4-317E-4238-874E-9CA3C0630C9C}"
EndProject
Project("{2150E333-8FDC-42A3-9474-1A3956D46DE8}") = "LeapYear", "LeapYear", "{722CBAE8-0003-4574-8BB8-FB22CF070F4D}"
EndProject
Project("{FAE04EC0-301F-11D3-BF4B-00C04F79EFBC}") = "LeapYearSrc", "LeapYear\LeapYearSrc\LeapYearSrc.csproj", "{B13A34EC-D9C5-4B0F-99C3-7E3CDF33DCB7}"
EndProject
Project("{FAE04EC0-301F-11D3-BF4B-00C04F79EFBC}") = "LeapYearTests", "LeapYear\LeapYearTests\LeapYearTests.csproj", "{B4EAAB1F-9126-48AE-B149-694F915E4960}"
EndProject
Project("{2150E333-8FDC-42A3-9474-1A3956D46DE8}") = "FizzBuzz", "FizzBuzz", "{B4E70983-A308-44CF-93F3-7B376326F5CC}"
EndProject
Global
	GlobalSection(SolutionConfigurationPlatforms) = preSolution
		Debug|Any CPU = Debug|Any CPU
		Release|Any CPU = Release|Any CPU
	EndGlobalSection
	GlobalSection(ProjectConfigurationPlatforms) = postSolution
		{A4F449CF-5C03-4E0E-A578-1495A6104F2B}.Debug|Any CPU.ActiveCfg = Debug|Any CPU
		{A4F449CF-5C03-4E0E-A578-1495A6104F2B}.Debug|Any CPU.Build.0 = Debug|Any CPU
		{A4F449CF-5C03-4E0E-A578-1495A6104F2B}.Release|Any CPU.ActiveCfg = Release|Any CPU
		{A4F449CF-5C03-4E0E-A578-1495A6104F2B}.Release|Any CPU.Build.0 = Release|Any CPU
		{CAC10EC4-317E-4238-874E-9CA3C0630C9C}.Debug|Any CPU.ActiveCfg = Debug|Any CPU
		{CAC10EC4-317E-4238-874E-9CA3C0630C9C}.Debug|Any CPU.Build.0 = Debug|Any CPU
		{CAC10EC4-317E-4238-874E-9CA3C0630C9C}.Release|Any CPU.ActiveCfg = Release|Any CPU
		{CAC10EC4-317E-4238-874E-9CA3C0630C9C}.Release|Any CPU.Build.0 = Release|Any CPU
		{B13A34EC-D9C5-4B0F-99C3-7E3CDF33DCB7}.Debug|Any CPU.ActiveCfg = Debug|Any CPU
		{B13A34EC-D9C5-4B0F-99C3-7E3CDF33DCB7}.Debug|Any CPU.Build.0 = Debug|Any CPU
		{B13A34EC-D9C5-4B0F-99C3-7E3CDF33DCB7}.Release|Any CPU.ActiveCfg = Release|Any CPU
		{B13A34EC-D9C5-4B0F-99C3-7E3CDF33DCB7}.Release|Any CPU.Build.0 = Release|Any CPU
		{B4EAAB1F-9126-48AE-B149-694F915E4960}.Debug|Any CPU.ActiveCfg = Debug|Any CPU
		{B4EAAB1F-9126-48AE-B149-694F915E4960}.Debug|Any CPU.Build.0 = Debug|Any CPU
		{B4EAAB1F-9126-48AE-B149-694F915E4960}.Release|Any CPU.ActiveCfg = Release|Any CPU
		{B4EAAB1F-9126-48AE-B149-694F915E4960}.Release|Any CPU.Build.0 = Release|Any CPU
	EndGlobalSection
	GlobalSection(NestedProjects) = preSolution
		{B13A34EC-D9C5-4B0F-99C3-7E3CDF33DCB7} = {722CBAE8-0003-4574-8BB8-FB22CF070F4D}
		{B4EAAB1F-9126-48AE-B149-694F915E4960} = {722CBAE8-0003-4574-8BB8-FB22CF070F4D}
		{A4F449CF-5C03-4E0E-A578-1495A6104F2B} = {B4E70983-A308-44CF-93F3-7B376326F5CC}
		{CAC10EC4-317E-4238-874E-9CA3C0630C9C} = {B4E70983-A308-44CF-93F3-7B376326F5CC}
	EndGlobalSection
EndGlobal
